
Microsoft Visual Studio Solution File, Format Version 12.00
# Visual Studio Version 17
VisualStudioVersion = 17.5.002.0
MinimumVisualStudioVersion = 10.0.40219.1
Project("{9A19103F-16F7-4668-BE54-9A1E7A4F7556}") = "compiler", "compiler\vid1\compiler.csproj", "{2D6BA5DB-2B6B-4809-BA79-BEA1984A6198}"
EndProject
Project("{2150E333-8FDC-42A3-9474-1A3956D46DE8}") = "compiler/vid1", "compiler\vid1", "{AB5905C6-6221-4BF4-BF57-FCBE561B2343}"
EndProject
Project("{2150E333-8FDC-42A3-9474-1A3956D46DE8}") = "compiler", "compiler", "{E68DD66C-31E1-4B4D-A2B8-530FDCAEF63F}"
EndProject
Project("{FAE04EC0-301F-11D3-BF4B-00C04F79EFBC}") = "vid2", "compiler\vid2\vid2.csproj", "{9EC9FA6A-FCD0-435F-8452-74538B3DD6BC}"
EndProject
Project("{FAE04EC0-301F-11D3-BF4B-00C04F79EFBC}") = "vid3", "compiler\vid3\vid3.csproj", "{A94807EA-A569-4CD0-A9B1-282B6E29FDBF}"
EndProject
Project("{FAE04EC0-301F-11D3-BF4B-00C04F79EFBC}") = "yap", "compiler\yap\yap.csproj", "{03EB09C1-FB7E-489A-A7E3-26895D0091F2}"
EndProject
Global
	GlobalSection(SolutionConfigurationPlatforms) = preSolution
		Debug|Any CPU = Debug|Any CPU
		Release|Any CPU = Release|Any CPU
	EndGlobalSection
	GlobalSection(ProjectConfigurationPlatforms) = postSolution
		{2D6BA5DB-2B6B-4809-BA79-BEA1984A6198}.Debug|Any CPU.ActiveCfg = Debug|Any CPU
		{2D6BA5DB-2B6B-4809-BA79-BEA1984A6198}.Debug|Any CPU.Build.0 = Debug|Any CPU
		{2D6BA5DB-2B6B-4809-BA79-BEA1984A6198}.Release|Any CPU.ActiveCfg = Release|Any CPU
		{2D6BA5DB-2B6B-4809-BA79-BEA1984A6198}.Release|Any CPU.Build.0 = Release|Any CPU
		{9EC9FA6A-FCD0-435F-8452-74538B3DD6BC}.Debug|Any CPU.ActiveCfg = Debug|Any CPU
		{9EC9FA6A-FCD0-435F-8452-74538B3DD6BC}.Debug|Any CPU.Build.0 = Debug|Any CPU
		{9EC9FA6A-FCD0-435F-8452-74538B3DD6BC}.Release|Any CPU.ActiveCfg = Release|Any CPU
		{9EC9FA6A-FCD0-435F-8452-74538B3DD6BC}.Release|Any CPU.Build.0 = Release|Any CPU
		{A94807EA-A569-4CD0-A9B1-282B6E29FDBF}.Debug|Any CPU.ActiveCfg = Debug|Any CPU
		{A94807EA-A569-4CD0-A9B1-282B6E29FDBF}.Debug|Any CPU.Build.0 = Debug|Any CPU
		{A94807EA-A569-4CD0-A9B1-282B6E29FDBF}.Release|Any CPU.ActiveCfg = Release|Any CPU
		{A94807EA-A569-4CD0-A9B1-282B6E29FDBF}.Release|Any CPU.Build.0 = Release|Any CPU
		{03EB09C1-FB7E-489A-A7E3-26895D0091F2}.Debug|Any CPU.ActiveCfg = Debug|Any CPU
		{03EB09C1-FB7E-489A-A7E3-26895D0091F2}.Debug|Any CPU.Build.0 = Debug|Any CPU
		{03EB09C1-FB7E-489A-A7E3-26895D0091F2}.Release|Any CPU.ActiveCfg = Release|Any CPU
		{03EB09C1-FB7E-489A-A7E3-26895D0091F2}.Release|Any CPU.Build.0 = Release|Any CPU
	EndGlobalSection
	GlobalSection(SolutionProperties) = preSolution
		HideSolutionNode = FALSE
	EndGlobalSection
	GlobalSection(ExtensibilityGlobals) = postSolution
		SolutionGuid = {D5A4B670-47FB-4B34-B0E6-B0495A380D2D}
	EndGlobalSection
	GlobalSection(NestedProjects) = preSolution
		{2D6BA5DB-2B6B-4809-BA79-BEA1984A6198} = {AB5905C6-6221-4BF4-BF57-FCBE561B2343}
		{9EC9FA6A-FCD0-435F-8452-74538B3DD6BC} = {E68DD66C-31E1-4B4D-A2B8-530FDCAEF63F}
		{A94807EA-A569-4CD0-A9B1-282B6E29FDBF} = {E68DD66C-31E1-4B4D-A2B8-530FDCAEF63F}
		{03EB09C1-FB7E-489A-A7E3-26895D0091F2} = {E68DD66C-31E1-4B4D-A2B8-530FDCAEF63F}
	EndGlobalSection
EndGlobal
